// !$*UTF8*$!
{
	archiveVersion = 1;
	classes = {
	};
	objectVersion = 56;
	objects = {

/* Begin PBXBuildFile section */
		4E23F5B42BA325F500F9EE6B /* SwiftCryptoApp.swift in Sources */ = {isa = PBXBuildFile; fileRef = 4E23F5B32BA325F500F9EE6B /* SwiftCryptoApp.swift */; };
		4E23F5B62BA325F500F9EE6B /* ContentView.swift in Sources */ = {isa = PBXBuildFile; fileRef = 4E23F5B52BA325F500F9EE6B /* ContentView.swift */; };
		4E23F5B82BA325F800F9EE6B /* Assets.xcassets in Resources */ = {isa = PBXBuildFile; fileRef = 4E23F5B72BA325F800F9EE6B /* Assets.xcassets */; };
		4E23F5BB2BA325F800F9EE6B /* Preview Assets.xcassets in Resources */ = {isa = PBXBuildFile; fileRef = 4E23F5BA2BA325F800F9EE6B /* Preview Assets.xcassets */; };
		4E23F5C32BA327E900F9EE6B /* Color.swift in Sources */ = {isa = PBXBuildFile; fileRef = 4E23F5C22BA327E900F9EE6B /* Color.swift */; };
		4E23F5C92BA3298800F9EE6B /* HomeView.swift in Sources */ = {isa = PBXBuildFile; fileRef = 4E23F5C82BA3298800F9EE6B /* HomeView.swift */; };
		4E23F5CE2BA32AC700F9EE6B /* CircleButtonView.swift in Sources */ = {isa = PBXBuildFile; fileRef = 4E23F5CD2BA32AC700F9EE6B /* CircleButtonView.swift */; };
		4E23F5D02BA333A400F9EE6B /* CircleButtonAnimationView.swift in Sources */ = {isa = PBXBuildFile; fileRef = 4E23F5CF2BA333A400F9EE6B /* CircleButtonAnimationView.swift */; };
		4E23F5D32BA496AB00F9EE6B /* CoinModel.swift in Sources */ = {isa = PBXBuildFile; fileRef = 4E23F5D22BA496AB00F9EE6B /* CoinModel.swift */; };
		4E27336E2BA9E2DD00A8F258 /* CoinRowView.swift in Sources */ = {isa = PBXBuildFile; fileRef = 4E27336D2BA9E2DD00A8F258 /* CoinRowView.swift */; };
		4E2733722BA9E75B00A8F258 /* Double.swift in Sources */ = {isa = PBXBuildFile; fileRef = 4E2733712BA9E75B00A8F258 /* Double.swift */; };
		4E2733742BAA1B2A00A8F258 /* HomeViewModel.swift in Sources */ = {isa = PBXBuildFile; fileRef = 4E2733732BAA1B2A00A8F258 /* HomeViewModel.swift */; };
		4E2733762BAA1C2400A8F258 /* PreviewProvider.swift in Sources */ = {isa = PBXBuildFile; fileRef = 4E2733752BAA1C2400A8F258 /* PreviewProvider.swift */; };
		4E2733792BAC7F8700A8F258 /* CoinDataService.swift in Sources */ = {isa = PBXBuildFile; fileRef = 4E2733782BAC7F8700A8F258 /* CoinDataService.swift */; };
		4E27337C2BAC8D2300A8F258 /* NetworkingManager.swift in Sources */ = {isa = PBXBuildFile; fileRef = 4E27337B2BAC8D2300A8F258 /* NetworkingManager.swift */; };
		4E27337F2BB0743500A8F258 /* CoinImageView.swift in Sources */ = {isa = PBXBuildFile; fileRef = 4E27337E2BB0743500A8F258 /* CoinImageView.swift */; };
		4E2733812BB0761500A8F258 /* CoinImageService.swift in Sources */ = {isa = PBXBuildFile; fileRef = 4E2733802BB0761500A8F258 /* CoinImageService.swift */; };
		4E2733842BB0777B00A8F258 /* CoinImageViewModel.swift in Sources */ = {isa = PBXBuildFile; fileRef = 4E2733832BB0777B00A8F258 /* CoinImageViewModel.swift */; };
		4E2733862BB0D43000A8F258 /* SearchBarView.swift in Sources */ = {isa = PBXBuildFile; fileRef = 4E2733852BB0D43000A8F258 /* SearchBarView.swift */; };
		4E2733882BB0DAAF00A8F258 /* UIApplication.swift in Sources */ = {isa = PBXBuildFile; fileRef = 4E2733872BB0DAAF00A8F258 /* UIApplication.swift */; };
		4E7105822BBAEC71005A32AA /* StatisticModel.swift in Sources */ = {isa = PBXBuildFile; fileRef = 4E7105812BBAEC71005A32AA /* StatisticModel.swift */; };
		4E7105842BBAED9E005A32AA /* StatisticView.swift in Sources */ = {isa = PBXBuildFile; fileRef = 4E7105832BBAED9E005A32AA /* StatisticView.swift */; };
		4E7105862BBAF7C2005A32AA /* HomeStatsView.swift in Sources */ = {isa = PBXBuildFile; fileRef = 4E7105852BBAF7C2005A32AA /* HomeStatsView.swift */; };
		4E7241652BC48F380068DFFA /* HapticManager.swift in Sources */ = {isa = PBXBuildFile; fileRef = 4E7241642BC48F380068DFFA /* HapticManager.swift */; };
		4EF133D22BC2E93E009E6BD2 /* PortfolioView.swift in Sources */ = {isa = PBXBuildFile; fileRef = 4EF133D12BC2E93E009E6BD2 /* PortfolioView.swift */; };
		4EF133D42BC2EAE0009E6BD2 /* XMarkButton.swift in Sources */ = {isa = PBXBuildFile; fileRef = 4EF133D32BC2EAE0009E6BD2 /* XMarkButton.swift */; };
		4EF133D62BC2ECBA009E6BD2 /* CoinLogoView.swift in Sources */ = {isa = PBXBuildFile; fileRef = 4EF133D52BC2ECBA009E6BD2 /* CoinLogoView.swift */; };
		4EF133D92BC319D8009E6BD2 /* PortfolioContainer.xcdatamodeld in Sources */ = {isa = PBXBuildFile; fileRef = 4EF133D72BC319D7009E6BD2 /* PortfolioContainer.xcdatamodeld */; };
		4EF133DB2BC31AAF009E6BD2 /* PortfolioDataService.swift in Sources */ = {isa = PBXBuildFile; fileRef = 4EF133DA2BC31AAF009E6BD2 /* PortfolioDataService.swift */; };
		4EF1E55E2BC1FBCE00DCCFA7 /* MarketDataModel.swift in Sources */ = {isa = PBXBuildFile; fileRef = 4EF1E55D2BC1FBCE00DCCFA7 /* MarketDataModel.swift */; };
		4EF1E5602BC1FF9000DCCFA7 /* MarketDataService.swift in Sources */ = {isa = PBXBuildFile; fileRef = 4EF1E55F2BC1FF9000DCCFA7 /* MarketDataService.swift */; };
/* End PBXBuildFile section */

/* Begin PBXFileReference section */
		4E23F5B02BA325F500F9EE6B /* SwiftCrypto.app */ = {isa = PBXFileReference; explicitFileType = wrapper.application; includeInIndex = 0; path = SwiftCrypto.app; sourceTree = BUILT_PRODUCTS_DIR; };
		4E23F5B32BA325F500F9EE6B /* SwiftCryptoApp.swift */ = {isa = PBXFileReference; lastKnownFileType = sourcecode.swift; path = SwiftCryptoApp.swift; sourceTree = "<group>"; };
		4E23F5B52BA325F500F9EE6B /* ContentView.swift */ = {isa = PBXFileReference; lastKnownFileType = sourcecode.swift; path = ContentView.swift; sourceTree = "<group>"; };
		4E23F5B72BA325F800F9EE6B /* Assets.xcassets */ = {isa = PBXFileReference; lastKnownFileType = folder.assetcatalog; path = Assets.xcassets; sourceTree = "<group>"; };
		4E23F5BA2BA325F800F9EE6B /* Preview Assets.xcassets */ = {isa = PBXFileReference; lastKnownFileType = folder.assetcatalog; path = "Preview Assets.xcassets"; sourceTree = "<group>"; };
		4E23F5C22BA327E900F9EE6B /* Color.swift */ = {isa = PBXFileReference; lastKnownFileType = sourcecode.swift; path = Color.swift; sourceTree = "<group>"; };
		4E23F5C82BA3298800F9EE6B /* HomeView.swift */ = {isa = PBXFileReference; lastKnownFileType = sourcecode.swift; path = HomeView.swift; sourceTree = "<group>"; };
		4E23F5CD2BA32AC700F9EE6B /* CircleButtonView.swift */ = {isa = PBXFileReference; lastKnownFileType = sourcecode.swift; path = CircleButtonView.swift; sourceTree = "<group>"; };
		4E23F5CF2BA333A400F9EE6B /* CircleButtonAnimationView.swift */ = {isa = PBXFileReference; lastKnownFileType = sourcecode.swift; path = CircleButtonAnimationView.swift; sourceTree = "<group>"; };
		4E23F5D22BA496AB00F9EE6B /* CoinModel.swift */ = {isa = PBXFileReference; lastKnownFileType = sourcecode.swift; path = CoinModel.swift; sourceTree = "<group>"; };
		4E27336D2BA9E2DD00A8F258 /* CoinRowView.swift */ = {isa = PBXFileReference; lastKnownFileType = sourcecode.swift; path = CoinRowView.swift; sourceTree = "<group>"; };
		4E2733712BA9E75B00A8F258 /* Double.swift */ = {isa = PBXFileReference; lastKnownFileType = sourcecode.swift; path = Double.swift; sourceTree = "<group>"; };
		4E2733732BAA1B2A00A8F258 /* HomeViewModel.swift */ = {isa = PBXFileReference; lastKnownFileType = sourcecode.swift; path = HomeViewModel.swift; sourceTree = "<group>"; };
		4E2733752BAA1C2400A8F258 /* PreviewProvider.swift */ = {isa = PBXFileReference; lastKnownFileType = sourcecode.swift; path = PreviewProvider.swift; sourceTree = "<group>"; };
		4E2733782BAC7F8700A8F258 /* CoinDataService.swift */ = {isa = PBXFileReference; lastKnownFileType = sourcecode.swift; path = CoinDataService.swift; sourceTree = "<group>"; };
		4E27337B2BAC8D2300A8F258 /* NetworkingManager.swift */ = {isa = PBXFileReference; lastKnownFileType = sourcecode.swift; path = NetworkingManager.swift; sourceTree = "<group>"; };
		4E27337E2BB0743500A8F258 /* CoinImageView.swift */ = {isa = PBXFileReference; lastKnownFileType = sourcecode.swift; path = CoinImageView.swift; sourceTree = "<group>"; };
		4E2733802BB0761500A8F258 /* CoinImageService.swift */ = {isa = PBXFileReference; lastKnownFileType = sourcecode.swift; path = CoinImageService.swift; sourceTree = "<group>"; };
		4E2733832BB0777B00A8F258 /* CoinImageViewModel.swift */ = {isa = PBXFileReference; lastKnownFileType = sourcecode.swift; path = CoinImageViewModel.swift; sourceTree = "<group>"; };
		4E2733852BB0D43000A8F258 /* SearchBarView.swift */ = {isa = PBXFileReference; lastKnownFileType = sourcecode.swift; path = SearchBarView.swift; sourceTree = "<group>"; };
		4E2733872BB0DAAF00A8F258 /* UIApplication.swift */ = {isa = PBXFileReference; lastKnownFileType = sourcecode.swift; path = UIApplication.swift; sourceTree = "<group>"; };
		4E7105812BBAEC71005A32AA /* StatisticModel.swift */ = {isa = PBXFileReference; lastKnownFileType = sourcecode.swift; path = StatisticModel.swift; sourceTree = "<group>"; };
		4E7105832BBAED9E005A32AA /* StatisticView.swift */ = {isa = PBXFileReference; lastKnownFileType = sourcecode.swift; path = StatisticView.swift; sourceTree = "<group>"; };
		4E7105852BBAF7C2005A32AA /* HomeStatsView.swift */ = {isa = PBXFileReference; lastKnownFileType = sourcecode.swift; path = HomeStatsView.swift; sourceTree = "<group>"; };
		4E7241642BC48F380068DFFA /* HapticManager.swift */ = {isa = PBXFileReference; lastKnownFileType = sourcecode.swift; path = HapticManager.swift; sourceTree = "<group>"; };
		4EF133D12BC2E93E009E6BD2 /* PortfolioView.swift */ = {isa = PBXFileReference; lastKnownFileType = sourcecode.swift; path = PortfolioView.swift; sourceTree = "<group>"; };
		4EF133D32BC2EAE0009E6BD2 /* XMarkButton.swift */ = {isa = PBXFileReference; lastKnownFileType = sourcecode.swift; path = XMarkButton.swift; sourceTree = "<group>"; };
		4EF133D52BC2ECBA009E6BD2 /* CoinLogoView.swift */ = {isa = PBXFileReference; lastKnownFileType = sourcecode.swift; path = CoinLogoView.swift; sourceTree = "<group>"; };
		4EF133D82BC319D8009E6BD2 /* PortfolioContainer.xcdatamodel */ = {isa = PBXFileReference; lastKnownFileType = wrapper.xcdatamodel; path = PortfolioContainer.xcdatamodel; sourceTree = "<group>"; };
		4EF133DA2BC31AAF009E6BD2 /* PortfolioDataService.swift */ = {isa = PBXFileReference; lastKnownFileType = sourcecode.swift; path = PortfolioDataService.swift; sourceTree = "<group>"; };
		4EF1E55D2BC1FBCE00DCCFA7 /* MarketDataModel.swift */ = {isa = PBXFileReference; lastKnownFileType = sourcecode.swift; path = MarketDataModel.swift; sourceTree = "<group>"; };
		4EF1E55F2BC1FF9000DCCFA7 /* MarketDataService.swift */ = {isa = PBXFileReference; lastKnownFileType = sourcecode.swift; path = MarketDataService.swift; sourceTree = "<group>"; };
/* End PBXFileReference section */

/* Begin PBXFrameworksBuildPhase section */
		4E23F5AD2BA325F500F9EE6B /* Frameworks */ = {
			isa = PBXFrameworksBuildPhase;
			buildActionMask = 2147483647;
			files = (
			);
			runOnlyForDeploymentPostprocessing = 0;
		};
/* End PBXFrameworksBuildPhase section */

/* Begin PBXGroup section */
		4E23F5A72BA325F500F9EE6B = {
			isa = PBXGroup;
			children = (
				4E23F5B22BA325F500F9EE6B /* SwiftCrypto */,
				4E23F5B12BA325F500F9EE6B /* Products */,
			);
			sourceTree = "<group>";
		};
		4E23F5B12BA325F500F9EE6B /* Products */ = {
			isa = PBXGroup;
			children = (
				4E23F5B02BA325F500F9EE6B /* SwiftCrypto.app */,
			);
			name = Products;
			sourceTree = "<group>";
		};
		4E23F5B22BA325F500F9EE6B /* SwiftCrypto */ = {
			isa = PBXGroup;
			children = (
				4E23F5CA2BA3298D00F9EE6B /* App */,
				4E23F5C42BA3296800F9EE6B /* Core */,
				4E23F5C12BA327DC00F9EE6B /* Extensions */,
				4E23F5D12BA4969200F9EE6B /* Models */,
				4E23F5B92BA325F800F9EE6B /* Preview Content */,
				4E2733772BAC7F6200A8F258 /* Services */,
				4E27337A2BAC8D0D00A8F258 /* Utils */,
				4E23F5B72BA325F800F9EE6B /* Assets.xcassets */,
				4E23F5B52BA325F500F9EE6B /* ContentView.swift */,
			);
			path = SwiftCrypto;
			sourceTree = "<group>";
		};
		4E23F5B92BA325F800F9EE6B /* Preview Content */ = {
			isa = PBXGroup;
			children = (
				4E23F5BA2BA325F800F9EE6B /* Preview Assets.xcassets */,
			);
			path = "Preview Content";
			sourceTree = "<group>";
		};
		4E23F5C12BA327DC00F9EE6B /* Extensions */ = {
			isa = PBXGroup;
			children = (
				4E23F5C22BA327E900F9EE6B /* Color.swift */,
				4E2733712BA9E75B00A8F258 /* Double.swift */,
				4E2733752BAA1C2400A8F258 /* PreviewProvider.swift */,
				4E2733872BB0DAAF00A8F258 /* UIApplication.swift */,
			);
			path = Extensions;
			sourceTree = "<group>";
		};
		4E23F5C42BA3296800F9EE6B /* Core */ = {
			isa = PBXGroup;
			children = (
				4E23F5CB2BA32AAC00F9EE6B /* Components */,
				4E23F5C52BA3297000F9EE6B /* Home */,
			);
			path = Core;
			sourceTree = "<group>";
		};
		4E23F5C52BA3297000F9EE6B /* Home */ = {
			isa = PBXGroup;
			children = (
				4E23F5C72BA3297900F9EE6B /* ViewModels */,
				4E23F5C62BA3297600F9EE6B /* Views */,
			);
			path = Home;
			sourceTree = "<group>";
		};
		4E23F5C62BA3297600F9EE6B /* Views */ = {
			isa = PBXGroup;
			children = (
				4E23F5C82BA3298800F9EE6B /* HomeView.swift */,
				4E27336D2BA9E2DD00A8F258 /* CoinRowView.swift */,
				4E7105852BBAF7C2005A32AA /* HomeStatsView.swift */,
				4EF133D12BC2E93E009E6BD2 /* PortfolioView.swift */,
			);
			path = Views;
			sourceTree = "<group>";
		};
		4E23F5C72BA3297900F9EE6B /* ViewModels */ = {
			isa = PBXGroup;
			children = (
				4E2733732BAA1B2A00A8F258 /* HomeViewModel.swift */,
			);
			path = ViewModels;
			sourceTree = "<group>";
		};
		4E23F5CA2BA3298D00F9EE6B /* App */ = {
			isa = PBXGroup;
			children = (
				4E23F5B32BA325F500F9EE6B /* SwiftCryptoApp.swift */,
			);
			path = App;
			sourceTree = "<group>";
		};
		4E23F5CB2BA32AAC00F9EE6B /* Components */ = {
			isa = PBXGroup;
			children = (
				4E27337D2BB0741D00A8F258 /* CoinImage */,
				4E23F5CC2BA32ABC00F9EE6B /* CircleButton */,
				4E2733852BB0D43000A8F258 /* SearchBarView.swift */,
				4E7105832BBAED9E005A32AA /* StatisticView.swift */,
				4EF133D32BC2EAE0009E6BD2 /* XMarkButton.swift */,
			);
			path = Components;
			sourceTree = "<group>";
		};
		4E23F5CC2BA32ABC00F9EE6B /* CircleButton */ = {
			isa = PBXGroup;
			children = (
				4E23F5CD2BA32AC700F9EE6B /* CircleButtonView.swift */,
				4E23F5CF2BA333A400F9EE6B /* CircleButtonAnimationView.swift */,
			);
			path = CircleButton;
			sourceTree = "<group>";
		};
		4E23F5D12BA4969200F9EE6B /* Models */ = {
			isa = PBXGroup;
			children = (
				4E23F5D22BA496AB00F9EE6B /* CoinModel.swift */,
				4E7105812BBAEC71005A32AA /* StatisticModel.swift */,
				4EF1E55D2BC1FBCE00DCCFA7 /* MarketDataModel.swift */,
				4EF133D72BC319D7009E6BD2 /* PortfolioContainer.xcdatamodeld */,
			);
			path = Models;
			sourceTree = "<group>";
		};
		4E2733772BAC7F6200A8F258 /* Services */ = {
			isa = PBXGroup;
			children = (
				4E2733782BAC7F8700A8F258 /* CoinDataService.swift */,
				4E2733802BB0761500A8F258 /* CoinImageService.swift */,
				4EF1E55F2BC1FF9000DCCFA7 /* MarketDataService.swift */,
				4EF133DA2BC31AAF009E6BD2 /* PortfolioDataService.swift */,
			);
			path = Services;
			sourceTree = "<group>";
		};
		4E27337A2BAC8D0D00A8F258 /* Utils */ = {
			isa = PBXGroup;
			children = (
				4E27337B2BAC8D2300A8F258 /* NetworkingManager.swift */,
				4E7241642BC48F380068DFFA /* HapticManager.swift */,
			);
			path = Utils;
			sourceTree = "<group>";
		};
		4E27337D2BB0741D00A8F258 /* CoinImage */ = {
			isa = PBXGroup;
			children = (
				4E27337E2BB0743500A8F258 /* CoinImageView.swift */,
				4E2733832BB0777B00A8F258 /* CoinImageViewModel.swift */,
				4EF133D52BC2ECBA009E6BD2 /* CoinLogoView.swift */,
			);
			path = CoinImage;
			sourceTree = "<group>";
		};
/* End PBXGroup section */

/* Begin PBXNativeTarget section */
		4E23F5AF2BA325F500F9EE6B /* SwiftCrypto */ = {
			isa = PBXNativeTarget;
			buildConfigurationList = 4E23F5BE2BA325F800F9EE6B /* Build configuration list for PBXNativeTarget "SwiftCrypto" */;
			buildPhases = (
				4E23F5AC2BA325F500F9EE6B /* Sources */,
				4E23F5AD2BA325F500F9EE6B /* Frameworks */,
				4E23F5AE2BA325F500F9EE6B /* Resources */,
			);
			buildRules = (
			);
			dependencies = (
			);
			name = SwiftCrypto;
			productName = SwiftCrypto;
			productReference = 4E23F5B02BA325F500F9EE6B /* SwiftCrypto.app */;
			productType = "com.apple.product-type.application";
		};
/* End PBXNativeTarget section */

/* Begin PBXProject section */
		4E23F5A82BA325F500F9EE6B /* Project object */ = {
			isa = PBXProject;
			attributes = {
				BuildIndependentTargetsInParallel = 1;
				LastSwiftUpdateCheck = 1520;
				LastUpgradeCheck = 1520;
				TargetAttributes = {
					4E23F5AF2BA325F500F9EE6B = {
						CreatedOnToolsVersion = 15.2;
					};
				};
			};
			buildConfigurationList = 4E23F5AB2BA325F500F9EE6B /* Build configuration list for PBXProject "SwiftCrypto" */;
			compatibilityVersion = "Xcode 14.0";
			developmentRegion = en;
			hasScannedForEncodings = 0;
			knownRegions = (
				en,
				Base,
			);
			mainGroup = 4E23F5A72BA325F500F9EE6B;
			productRefGroup = 4E23F5B12BA325F500F9EE6B /* Products */;
			projectDirPath = "";
			projectRoot = "";
			targets = (
				4E23F5AF2BA325F500F9EE6B /* SwiftCrypto */,
			);
		};
/* End PBXProject section */

/* Begin PBXResourcesBuildPhase section */
		4E23F5AE2BA325F500F9EE6B /* Resources */ = {
			isa = PBXResourcesBuildPhase;
			buildActionMask = 2147483647;
			files = (
				4E23F5BB2BA325F800F9EE6B /* Preview Assets.xcassets in Resources */,
				4E23F5B82BA325F800F9EE6B /* Assets.xcassets in Resources */,
			);
			runOnlyForDeploymentPostprocessing = 0;
		};
/* End PBXResourcesBuildPhase section */

/* Begin PBXSourcesBuildPhase section */
		4E23F5AC2BA325F500F9EE6B /* Sources */ = {
			isa = PBXSourcesBuildPhase;
			buildActionMask = 2147483647;
			files = (
				4E7105822BBAEC71005A32AA /* StatisticModel.swift in Sources */,
				4EF1E5602BC1FF9000DCCFA7 /* MarketDataService.swift in Sources */,
				4EF133D62BC2ECBA009E6BD2 /* CoinLogoView.swift in Sources */,
				4E7105842BBAED9E005A32AA /* StatisticView.swift in Sources */,
				4E2733882BB0DAAF00A8F258 /* UIApplication.swift in Sources */,
				4EF133D92BC319D8009E6BD2 /* PortfolioContainer.xcdatamodeld in Sources */,
				4E2733792BAC7F8700A8F258 /* CoinDataService.swift in Sources */,
				4E27336E2BA9E2DD00A8F258 /* CoinRowView.swift in Sources */,
				4E23F5B62BA325F500F9EE6B /* ContentView.swift in Sources */,
				4EF133D22BC2E93E009E6BD2 /* PortfolioView.swift in Sources */,
				4E23F5C92BA3298800F9EE6B /* HomeView.swift in Sources */,
				4E2733742BAA1B2A00A8F258 /* HomeViewModel.swift in Sources */,
				4E27337F2BB0743500A8F258 /* CoinImageView.swift in Sources */,
				4E23F5B42BA325F500F9EE6B /* SwiftCryptoApp.swift in Sources */,
				4E23F5CE2BA32AC700F9EE6B /* CircleButtonView.swift in Sources */,
				4E7105862BBAF7C2005A32AA /* HomeStatsView.swift in Sources */,
				4E2733762BAA1C2400A8F258 /* PreviewProvider.swift in Sources */,
				4EF1E55E2BC1FBCE00DCCFA7 /* MarketDataModel.swift in Sources */,
				4EF133DB2BC31AAF009E6BD2 /* PortfolioDataService.swift in Sources */,
				4E27337C2BAC8D2300A8F258 /* NetworkingManager.swift in Sources */,
				4E23F5C32BA327E900F9EE6B /* Color.swift in Sources */,
				4E2733842BB0777B00A8F258 /* CoinImageViewModel.swift in Sources */,
				4E23F5D02BA333A400F9EE6B /* CircleButtonAnimationView.swift in Sources */,
				4E2733722BA9E75B00A8F258 /* Double.swift in Sources */,
				4E7241652BC48F380068DFFA /* HapticManager.swift in Sources */,
				4EF133D42BC2EAE0009E6BD2 /* XMarkButton.swift in Sources */,
				4E2733812BB0761500A8F258 /* CoinImageService.swift in Sources */,
				4E2733862BB0D43000A8F258 /* SearchBarView.swift in Sources */,
				4E23F5D32BA496AB00F9EE6B /* CoinModel.swift in Sources */,
			);
			runOnlyForDeploymentPostprocessing = 0;
		};
/* End PBXSourcesBuildPhase section */

/* Begin XCBuildConfiguration section */
		4E23F5BC2BA325F800F9EE6B /* Debug */ = {
			isa = XCBuildConfiguration;
			buildSettings = {
				ALWAYS_SEARCH_USER_PATHS = NO;
				ASSETCATALOG_COMPILER_GENERATE_SWIFT_ASSET_SYMBOL_EXTENSIONS = YES;
				CLANG_ANALYZER_NONNULL = YES;
				CLANG_ANALYZER_NUMBER_OBJECT_CONVERSION = YES_AGGRESSIVE;
				CLANG_CXX_LANGUAGE_STANDARD = "gnu++20";
				CLANG_ENABLE_MODULES = YES;
				CLANG_ENABLE_OBJC_ARC = YES;
				CLANG_ENABLE_OBJC_WEAK = YES;
				CLANG_WARN_BLOCK_CAPTURE_AUTORELEASING = YES;
				CLANG_WARN_BOOL_CONVERSION = YES;
				CLANG_WARN_COMMA = YES;
				CLANG_WARN_CONSTANT_CONVERSION = YES;
				CLANG_WARN_DEPRECATED_OBJC_IMPLEMENTATIONS = YES;
				CLANG_WARN_DIRECT_OBJC_ISA_USAGE = YES_ERROR;
				CLANG_WARN_DOCUMENTATION_COMMENTS = YES;
				CLANG_WARN_EMPTY_BODY = YES;
				CLANG_WARN_ENUM_CONVERSION = YES;
				CLANG_WARN_INFINITE_RECURSION = YES;
				CLANG_WARN_INT_CONVERSION = YES;
				CLANG_WARN_NON_LITERAL_NULL_CONVERSION = YES;
				CLANG_WARN_OBJC_IMPLICIT_RETAIN_SELF = YES;
				CLANG_WARN_OBJC_LITERAL_CONVERSION = YES;
				CLANG_WARN_OBJC_ROOT_CLASS = YES_ERROR;
				CLANG_WARN_QUOTED_INCLUDE_IN_FRAMEWORK_HEADER = YES;
				CLANG_WARN_RANGE_LOOP_ANALYSIS = YES;
				CLANG_WARN_STRICT_PROTOTYPES = YES;
				CLANG_WARN_SUSPICIOUS_MOVE = YES;
				CLANG_WARN_UNGUARDED_AVAILABILITY = YES_AGGRESSIVE;
				CLANG_WARN_UNREACHABLE_CODE = YES;
				CLANG_WARN__DUPLICATE_METHOD_MATCH = YES;
				COPY_PHASE_STRIP = NO;
				DEBUG_INFORMATION_FORMAT = dwarf;
				ENABLE_STRICT_OBJC_MSGSEND = YES;
				ENABLE_TESTABILITY = YES;
				ENABLE_USER_SCRIPT_SANDBOXING = YES;
				GCC_C_LANGUAGE_STANDARD = gnu17;
				GCC_DYNAMIC_NO_PIC = NO;
				GCC_NO_COMMON_BLOCKS = YES;
				GCC_OPTIMIZATION_LEVEL = 0;
				GCC_PREPROCESSOR_DEFINITIONS = (
					"DEBUG=1",
					"$(inherited)",
				);
				GCC_WARN_64_TO_32_BIT_CONVERSION = YES;
				GCC_WARN_ABOUT_RETURN_TYPE = YES_ERROR;
				GCC_WARN_UNDECLARED_SELECTOR = YES;
				GCC_WARN_UNINITIALIZED_AUTOS = YES_AGGRESSIVE;
				GCC_WARN_UNUSED_FUNCTION = YES;
				GCC_WARN_UNUSED_VARIABLE = YES;
				IPHONEOS_DEPLOYMENT_TARGET = 17.2;
				LOCALIZATION_PREFERS_STRING_CATALOGS = YES;
				MTL_ENABLE_DEBUG_INFO = INCLUDE_SOURCE;
				MTL_FAST_MATH = YES;
				ONLY_ACTIVE_ARCH = YES;
				SDKROOT = iphoneos;
				SWIFT_ACTIVE_COMPILATION_CONDITIONS = "DEBUG $(inherited)";
				SWIFT_OPTIMIZATION_LEVEL = "-Onone";
			};
			name = Debug;
		};
		4E23F5BD2BA325F800F9EE6B /* Release */ = {
			isa = XCBuildConfiguration;
			buildSettings = {
				ALWAYS_SEARCH_USER_PATHS = NO;
				ASSETCATALOG_COMPILER_GENERATE_SWIFT_ASSET_SYMBOL_EXTENSIONS = YES;
				CLANG_ANALYZER_NONNULL = YES;
				CLANG_ANALYZER_NUMBER_OBJECT_CONVERSION = YES_AGGRESSIVE;
				CLANG_CXX_LANGUAGE_STANDARD = "gnu++20";
				CLANG_ENABLE_MODULES = YES;
				CLANG_ENABLE_OBJC_ARC = YES;
				CLANG_ENABLE_OBJC_WEAK = YES;
				CLANG_WARN_BLOCK_CAPTURE_AUTORELEASING = YES;
				CLANG_WARN_BOOL_CONVERSION = YES;
				CLANG_WARN_COMMA = YES;
				CLANG_WARN_CONSTANT_CONVERSION = YES;
				CLANG_WARN_DEPRECATED_OBJC_IMPLEMENTATIONS = YES;
				CLANG_WARN_DIRECT_OBJC_ISA_USAGE = YES_ERROR;
				CLANG_WARN_DOCUMENTATION_COMMENTS = YES;
				CLANG_WARN_EMPTY_BODY = YES;
				CLANG_WARN_ENUM_CONVERSION = YES;
				CLANG_WARN_INFINITE_RECURSION = YES;
				CLANG_WARN_INT_CONVERSION = YES;
				CLANG_WARN_NON_LITERAL_NULL_CONVERSION = YES;
				CLANG_WARN_OBJC_IMPLICIT_RETAIN_SELF = YES;
				CLANG_WARN_OBJC_LITERAL_CONVERSION = YES;
				CLANG_WARN_OBJC_ROOT_CLASS = YES_ERROR;
				CLANG_WARN_QUOTED_INCLUDE_IN_FRAMEWORK_HEADER = YES;
				CLANG_WARN_RANGE_LOOP_ANALYSIS = YES;
				CLANG_WARN_STRICT_PROTOTYPES = YES;
				CLANG_WARN_SUSPICIOUS_MOVE = YES;
				CLANG_WARN_UNGUARDED_AVAILABILITY = YES_AGGRESSIVE;
				CLANG_WARN_UNREACHABLE_CODE = YES;
				CLANG_WARN__DUPLICATE_METHOD_MATCH = YES;
				COPY_PHASE_STRIP = NO;
				DEBUG_INFORMATION_FORMAT = "dwarf-with-dsym";
				ENABLE_NS_ASSERTIONS = NO;
				ENABLE_STRICT_OBJC_MSGSEND = YES;
				ENABLE_USER_SCRIPT_SANDBOXING = YES;
				GCC_C_LANGUAGE_STANDARD = gnu17;
				GCC_NO_COMMON_BLOCKS = YES;
				GCC_WARN_64_TO_32_BIT_CONVERSION = YES;
				GCC_WARN_ABOUT_RETURN_TYPE = YES_ERROR;
				GCC_WARN_UNDECLARED_SELECTOR = YES;
				GCC_WARN_UNINITIALIZED_AUTOS = YES_AGGRESSIVE;
				GCC_WARN_UNUSED_FUNCTION = YES;
				GCC_WARN_UNUSED_VARIABLE = YES;
				IPHONEOS_DEPLOYMENT_TARGET = 17.2;
				LOCALIZATION_PREFERS_STRING_CATALOGS = YES;
				MTL_ENABLE_DEBUG_INFO = NO;
				MTL_FAST_MATH = YES;
				SDKROOT = iphoneos;
				SWIFT_COMPILATION_MODE = wholemodule;
				VALIDATE_PRODUCT = YES;
			};
			name = Release;
		};
		4E23F5BF2BA325F800F9EE6B /* Debug */ = {
			isa = XCBuildConfiguration;
			buildSettings = {
				ASSETCATALOG_COMPILER_APPICON_NAME = AppIcon;
				ASSETCATALOG_COMPILER_GLOBAL_ACCENT_COLOR_NAME = AccentColor;
				CODE_SIGN_STYLE = Automatic;
				CURRENT_PROJECT_VERSION = 1;
				DEVELOPMENT_ASSET_PATHS = "\"SwiftCrypto/Preview Content\"";
				DEVELOPMENT_TEAM = 385M435SA4;
				ENABLE_PREVIEWS = YES;
				GENERATE_INFOPLIST_FILE = YES;
				INFOPLIST_KEY_CFBundleDisplayName = "Swift Crypto";
				INFOPLIST_KEY_UIApplicationSceneManifest_Generation = YES;
				INFOPLIST_KEY_UIApplicationSupportsIndirectInputEvents = YES;
				INFOPLIST_KEY_UILaunchScreen_Generation = YES;
				INFOPLIST_KEY_UISupportedInterfaceOrientations = UIInterfaceOrientationPortrait;
				INFOPLIST_KEY_UISupportedInterfaceOrientations_iPad = "UIInterfaceOrientationLandscapeLeft UIInterfaceOrientationLandscapeRight UIInterfaceOrientationPortrait UIInterfaceOrientationPortraitUpsideDown";
				LD_RUNPATH_SEARCH_PATHS = (
					"$(inherited)",
					"@executable_path/Frameworks",
				);
				MARKETING_VERSION = 1.0;
				PRODUCT_BUNDLE_IDENTIFIER = com.mertdurkaya.SwiftCrypto;
				PRODUCT_NAME = "$(TARGET_NAME)";
				SWIFT_EMIT_LOC_STRINGS = YES;
				SWIFT_VERSION = 5.0;
				TARGETED_DEVICE_FAMILY = "1,2";
			};
			name = Debug;
		};
		4E23F5C02BA325F800F9EE6B /* Release */ = {
			isa = XCBuildConfiguration;
			buildSettings = {
				ASSETCATALOG_COMPILER_APPICON_NAME = AppIcon;
				ASSETCATALOG_COMPILER_GLOBAL_ACCENT_COLOR_NAME = AccentColor;
				CODE_SIGN_STYLE = Automatic;
				CURRENT_PROJECT_VERSION = 1;
				DEVELOPMENT_ASSET_PATHS = "\"SwiftCrypto/Preview Content\"";
				DEVELOPMENT_TEAM = 385M435SA4;
				ENABLE_PREVIEWS = YES;
				GENERATE_INFOPLIST_FILE = YES;
				INFOPLIST_KEY_CFBundleDisplayName = "Swift Crypto";
				INFOPLIST_KEY_UIApplicationSceneManifest_Generation = YES;
				INFOPLIST_KEY_UIApplicationSupportsIndirectInputEvents = YES;
				INFOPLIST_KEY_UILaunchScreen_Generation = YES;
				INFOPLIST_KEY_UISupportedInterfaceOrientations = UIInterfaceOrientationPortrait;
				INFOPLIST_KEY_UISupportedInterfaceOrientations_iPad = "UIInterfaceOrientationLandscapeLeft UIInterfaceOrientationLandscapeRight UIInterfaceOrientationPortrait UIInterfaceOrientationPortraitUpsideDown";
				LD_RUNPATH_SEARCH_PATHS = (
					"$(inherited)",
					"@executable_path/Frameworks",
				);
				MARKETING_VERSION = 1.0;
				PRODUCT_BUNDLE_IDENTIFIER = com.mertdurkaya.SwiftCrypto;
				PRODUCT_NAME = "$(TARGET_NAME)";
				SWIFT_EMIT_LOC_STRINGS = YES;
				SWIFT_VERSION = 5.0;
				TARGETED_DEVICE_FAMILY = "1,2";
			};
			name = Release;
		};
/* End XCBuildConfiguration section */

/* Begin XCConfigurationList section */
		4E23F5AB2BA325F500F9EE6B /* Build configuration list for PBXProject "SwiftCrypto" */ = {
			isa = XCConfigurationList;
			buildConfigurations = (
				4E23F5BC2BA325F800F9EE6B /* Debug */,
				4E23F5BD2BA325F800F9EE6B /* Release */,
			);
			defaultConfigurationIsVisible = 0;
			defaultConfigurationName = Release;
		};
		4E23F5BE2BA325F800F9EE6B /* Build configuration list for PBXNativeTarget "SwiftCrypto" */ = {
			isa = XCConfigurationList;
			buildConfigurations = (
				4E23F5BF2BA325F800F9EE6B /* Debug */,
				4E23F5C02BA325F800F9EE6B /* Release */,
			);
			defaultConfigurationIsVisible = 0;
			defaultConfigurationName = Release;
		};
/* End XCConfigurationList section */

/* Begin XCVersionGroup section */
		4EF133D72BC319D7009E6BD2 /* PortfolioContainer.xcdatamodeld */ = {
			isa = XCVersionGroup;
			children = (
				4EF133D82BC319D8009E6BD2 /* PortfolioContainer.xcdatamodel */,
			);
			currentVersion = 4EF133D82BC319D8009E6BD2 /* PortfolioContainer.xcdatamodel */;
			path = PortfolioContainer.xcdatamodeld;
			sourceTree = "<group>";
			versionGroupType = wrapper.xcdatamodel;
		};
/* End XCVersionGroup section */
	};
	rootObject = 4E23F5A82BA325F500F9EE6B /* Project object */;
}
